
Microsoft Visual Studio Solution File, Format Version 12.00
# Visual Studio Version 17
VisualStudioVersion = 17.2.32630.192
MinimumVisualStudioVersion = 10.0.40219.1
Project("{FAE04EC0-301F-11D3-BF4B-00C04F79EFBC}") = "IoT_Gonder_Al", "IoT_Gonder_Al.csproj", "{05FEC633-9C23-4705-B385-C890C8F0E22C}"
EndProject
Global
	GlobalSection(SolutionConfigurationPlatforms) = preSolution
		Debug|Any CPU = Debug|Any CPU
		Release|Any CPU = Release|Any CPU
	EndGlobalSection
	GlobalSection(ProjectConfigurationPlatforms) = postSolution
		{05FEC633-9C23-4705-B385-C890C8F0E22C}.Debug|Any CPU.ActiveCfg = Debug|Any CPU
		{05FEC633-9C23-4705-B385-C890C8F0E22C}.Debug|Any CPU.Build.0 = Debug|Any CPU
		{05FEC633-9C23-4705-B385-C890C8F0E22C}.Release|Any CPU.ActiveCfg = Release|Any CPU
		{05FEC633-9C23-4705-B385-C890C8F0E22C}.Release|Any CPU.Build.0 = Release|Any CPU
	EndGlobalSection
	GlobalSection(SolutionProperties) = preSolution
		HideSolutionNode = FALSE
	EndGlobalSection
	GlobalSection(ExtensibilityGlobals) = postSolution
		SolutionGuid = {7EFB46F8-27D5-4889-BE0A-D228D1C91C80}
	EndGlobalSection
EndGlobal
